
Microsoft Visual Studio Solution File, Format Version 12.00
# Visual Studio 14
VisualStudioVersion = 14.0.23107.0
MinimumVisualStudioVersion = 10.0.40219.1
Project("{FAE04EC0-301F-11D3-BF4B-00C04F79EFBC}") = "CD_Scan", "CD_Scan\CD_Scan.csproj", "{A22CD143-E355-42EB-B154-6EEDD0A1C85F}"
EndProject
Global
	GlobalSection(SolutionConfigurationPlatforms) = preSolution
		Debug|Any CPU = Debug|Any CPU
		Release|Any CPU = Release|Any CPU
	EndGlobalSection
	GlobalSection(ProjectConfigurationPlatforms) = postSolution
		{A22CD143-E355-42EB-B154-6EEDD0A1C85F}.Debug|Any CPU.ActiveCfg = Debug|Any CPU
		{A22CD143-E355-42EB-B154-6EEDD0A1C85F}.Debug|Any CPU.Build.0 = Debug|Any CPU
		{A22CD143-E355-42EB-B154-6EEDD0A1C85F}.Release|Any CPU.ActiveCfg = Release|Any CPU
		{A22CD143-E355-42EB-B154-6EEDD0A1C85F}.Release|Any CPU.Build.0 = Release|Any CPU
	EndGlobalSection
	GlobalSection(SolutionProperties) = preSolution
		HideSolutionNode = FALSE
	EndGlobalSection
EndGlobal
